// !$*UTF8*$!
{
	archiveVersion = 1;
	classes = {
	};
	objectVersion = 51;
	objects = {

/* Begin PBXBuildFile section */
		3DEC9B71978C5ACB7BD68433 /* Pods_SSToastMessage_Example.framework in Frameworks */ = {isa = PBXBuildFile; fileRef = FE119A8B6170242AF489112C /* Pods_SSToastMessage_Example.framework */; };
		A05A73DA25075B6E00E86576 /* AppDelegate.swift in Sources */ = {isa = PBXBuildFile; fileRef = A05A73D925075B6E00E86576 /* AppDelegate.swift */; };
		A05A73DC25075B6E00E86576 /* SceneDelegate.swift in Sources */ = {isa = PBXBuildFile; fileRef = A05A73DB25075B6E00E86576 /* SceneDelegate.swift */; };
		A05A73DE25075B6E00E86576 /* ContentView.swift in Sources */ = {isa = PBXBuildFile; fileRef = A05A73DD25075B6E00E86576 /* ContentView.swift */; };
		A05A73E025075B6F00E86576 /* Assets.xcassets in Resources */ = {isa = PBXBuildFile; fileRef = A05A73DF25075B6F00E86576 /* Assets.xcassets */; };
		A05A73E325075B6F00E86576 /* Preview Assets.xcassets in Resources */ = {isa = PBXBuildFile; fileRef = A05A73E225075B6F00E86576 /* Preview Assets.xcassets */; };
		A05A73E625075B6F00E86576 /* LaunchScreen.storyboard in Resources */ = {isa = PBXBuildFile; fileRef = A05A73E425075B6F00E86576 /* LaunchScreen.storyboard */; };
		A05A73F125075B6F00E86576 /* SSToastMessageTests.swift in Sources */ = {isa = PBXBuildFile; fileRef = A05A73F025075B6F00E86576 /* SSToastMessageTests.swift */; };
		B11B1FEAEB2E46F3F7BF6D41 /* Pods_SSToastMessage_Tests.framework in Frameworks */ = {isa = PBXBuildFile; fileRef = 78DA2174724B55D863AEB50D /* Pods_SSToastMessage_Tests.framework */; };
/* End PBXBuildFile section */

/* Begin PBXContainerItemProxy section */
		A05A73ED25075B6F00E86576 /* PBXContainerItemProxy */ = {
			isa = PBXContainerItemProxy;
			containerPortal = A05A73CE25075B6E00E86576 /* Project object */;
			proxyType = 1;
			remoteGlobalIDString = A05A73D525075B6E00E86576;
			remoteInfo = SSToastMessage;
		};
/* End PBXContainerItemProxy section */

/* Begin PBXFileReference section */
		055FE7D23C0C2ED455D09BD4 /* Pods-SSToastMessage_Example.debug.xcconfig */ = {isa = PBXFileReference; includeInIndex = 1; lastKnownFileType = text.xcconfig; name = "Pods-SSToastMessage_Example.debug.xcconfig"; path = "Target Support Files/Pods-SSToastMessage_Example/Pods-SSToastMessage_Example.debug.xcconfig"; sourceTree = "<group>"; };
		77D03C12ECF8A03B74B576BA /* Pods-SSToastMessage_Example.release.xcconfig */ = {isa = PBXFileReference; includeInIndex = 1; lastKnownFileType = text.xcconfig; name = "Pods-SSToastMessage_Example.release.xcconfig"; path = "Target Support Files/Pods-SSToastMessage_Example/Pods-SSToastMessage_Example.release.xcconfig"; sourceTree = "<group>"; };
		78DA2174724B55D863AEB50D /* Pods_SSToastMessage_Tests.framework */ = {isa = PBXFileReference; explicitFileType = wrapper.framework; includeInIndex = 0; path = Pods_SSToastMessage_Tests.framework; sourceTree = BUILT_PRODUCTS_DIR; };
		A05A73D625075B6E00E86576 /* SSToastMessage_Example.app */ = {isa = PBXFileReference; explicitFileType = wrapper.application; includeInIndex = 0; path = SSToastMessage_Example.app; sourceTree = BUILT_PRODUCTS_DIR; };
		A05A73D925075B6E00E86576 /* AppDelegate.swift */ = {isa = PBXFileReference; lastKnownFileType = sourcecode.swift; path = AppDelegate.swift; sourceTree = "<group>"; };
		A05A73DB25075B6E00E86576 /* SceneDelegate.swift */ = {isa = PBXFileReference; lastKnownFileType = sourcecode.swift; path = SceneDelegate.swift; sourceTree = "<group>"; };
		A05A73DD25075B6E00E86576 /* ContentView.swift */ = {isa = PBXFileReference; lastKnownFileType = sourcecode.swift; path = ContentView.swift; sourceTree = "<group>"; };
		A05A73DF25075B6F00E86576 /* Assets.xcassets */ = {isa = PBXFileReference; lastKnownFileType = folder.assetcatalog; path = Assets.xcassets; sourceTree = "<group>"; };
		A05A73E225075B6F00E86576 /* Preview Assets.xcassets */ = {isa = PBXFileReference; lastKnownFileType = folder.assetcatalog; path = "Preview Assets.xcassets"; sourceTree = "<group>"; };
		A05A73E525075B6F00E86576 /* Base */ = {isa = PBXFileReference; lastKnownFileType = file.storyboard; name = Base; path = Base.lproj/LaunchScreen.storyboard; sourceTree = "<group>"; };
		A05A73E725075B6F00E86576 /* Info.plist */ = {isa = PBXFileReference; lastKnownFileType = text.plist.xml; path = Info.plist; sourceTree = "<group>"; };
		A05A73EC25075B6F00E86576 /* SSToastMessage_Tests.xctest */ = {isa = PBXFileReference; explicitFileType = wrapper.cfbundle; includeInIndex = 0; path = SSToastMessage_Tests.xctest; sourceTree = BUILT_PRODUCTS_DIR; };
		A05A73F025075B6F00E86576 /* SSToastMessageTests.swift */ = {isa = PBXFileReference; lastKnownFileType = sourcecode.swift; path = SSToastMessageTests.swift; sourceTree = "<group>"; };
		A05A73F225075B6F00E86576 /* Info.plist */ = {isa = PBXFileReference; lastKnownFileType = text.plist.xml; path = Info.plist; sourceTree = "<group>"; };
		E9DFC8524F58C2B42FE99917 /* Pods-SSToastMessage_Tests.release.xcconfig */ = {isa = PBXFileReference; includeInIndex = 1; lastKnownFileType = text.xcconfig; name = "Pods-SSToastMessage_Tests.release.xcconfig"; path = "Target Support Files/Pods-SSToastMessage_Tests/Pods-SSToastMessage_Tests.release.xcconfig"; sourceTree = "<group>"; };
		F26FD9698CE3B4240B061EC1 /* Pods-SSToastMessage_Tests.debug.xcconfig */ = {isa = PBXFileReference; includeInIndex = 1; lastKnownFileType = text.xcconfig; name = "Pods-SSToastMessage_Tests.debug.xcconfig"; path = "Target Support Files/Pods-SSToastMessage_Tests/Pods-SSToastMessage_Tests.debug.xcconfig"; sourceTree = "<group>"; };
		FE119A8B6170242AF489112C /* Pods_SSToastMessage_Example.framework */ = {isa = PBXFileReference; explicitFileType = wrapper.framework; includeInIndex = 0; path = Pods_SSToastMessage_Example.framework; sourceTree = BUILT_PRODUCTS_DIR; };
/* End PBXFileReference section */

/* Begin PBXFrameworksBuildPhase section */
		A05A73D325075B6E00E86576 /* Frameworks */ = {
			isa = PBXFrameworksBuildPhase;
			buildActionMask = 2147483647;
			files = (
				3DEC9B71978C5ACB7BD68433 /* Pods_SSToastMessage_Example.framework in Frameworks */,
			);
			runOnlyForDeploymentPostprocessing = 0;
		};
		A05A73E925075B6F00E86576 /* Frameworks */ = {
			isa = PBXFrameworksBuildPhase;
			buildActionMask = 2147483647;
			files = (
				B11B1FEAEB2E46F3F7BF6D41 /* Pods_SSToastMessage_Tests.framework in Frameworks */,
			);
			runOnlyForDeploymentPostprocessing = 0;
		};
/* End PBXFrameworksBuildPhase section */

/* Begin PBXGroup section */
		A05A73CD25075B6E00E86576 = {
			isa = PBXGroup;
			children = (
				A05A73D825075B6E00E86576 /* SSToastMessage */,
				A05A73EF25075B6F00E86576 /* SSToastMessageTests */,
				A05A73D725075B6E00E86576 /* Products */,
				A1C3F5572CF924D10FBE1FDA /* Pods */,
				BAAD6AD4CAE8400321F736EC /* Frameworks */,
			);
			sourceTree = "<group>";
		};
		A05A73D725075B6E00E86576 /* Products */ = {
			isa = PBXGroup;
			children = (
				A05A73D625075B6E00E86576 /* SSToastMessage_Example.app */,
				A05A73EC25075B6F00E86576 /* SSToastMessage_Tests.xctest */,
			);
			name = Products;
			sourceTree = "<group>";
		};
		A05A73D825075B6E00E86576 /* SSToastMessage */ = {
			isa = PBXGroup;
			children = (
				A05A73D925075B6E00E86576 /* AppDelegate.swift */,
				A05A73DB25075B6E00E86576 /* SceneDelegate.swift */,
				A05A73DD25075B6E00E86576 /* ContentView.swift */,
				A05A73DF25075B6F00E86576 /* Assets.xcassets */,
				A05A73E425075B6F00E86576 /* LaunchScreen.storyboard */,
				A05A73E725075B6F00E86576 /* Info.plist */,
				A05A73E125075B6F00E86576 /* Preview Content */,
			);
			path = SSToastMessage;
			sourceTree = "<group>";
		};
		A05A73E125075B6F00E86576 /* Preview Content */ = {
			isa = PBXGroup;
			children = (
				A05A73E225075B6F00E86576 /* Preview Assets.xcassets */,
			);
			path = "Preview Content";
			sourceTree = "<group>";
		};
		A05A73EF25075B6F00E86576 /* SSToastMessageTests */ = {
			isa = PBXGroup;
			children = (
				A05A73F025075B6F00E86576 /* SSToastMessageTests.swift */,
				A05A73F225075B6F00E86576 /* Info.plist */,
			);
			path = SSToastMessageTests;
			sourceTree = "<group>";
		};
		A1C3F5572CF924D10FBE1FDA /* Pods */ = {
			isa = PBXGroup;
			children = (
				055FE7D23C0C2ED455D09BD4 /* Pods-SSToastMessage_Example.debug.xcconfig */,
				77D03C12ECF8A03B74B576BA /* Pods-SSToastMessage_Example.release.xcconfig */,
				F26FD9698CE3B4240B061EC1 /* Pods-SSToastMessage_Tests.debug.xcconfig */,
				E9DFC8524F58C2B42FE99917 /* Pods-SSToastMessage_Tests.release.xcconfig */,
			);
			path = Pods;
			sourceTree = "<group>";
		};
		BAAD6AD4CAE8400321F736EC /* Frameworks */ = {
			isa = PBXGroup;
			children = (
				FE119A8B6170242AF489112C /* Pods_SSToastMessage_Example.framework */,
				78DA2174724B55D863AEB50D /* Pods_SSToastMessage_Tests.framework */,
			);
			name = Frameworks;
			sourceTree = "<group>";
		};
/* End PBXGroup section */

/* Begin PBXNativeTarget section */
		A05A73D525075B6E00E86576 /* SSToastMessage_Example */ = {
			isa = PBXNativeTarget;
			buildConfigurationList = A05A73F525075B6F00E86576 /* Build configuration list for PBXNativeTarget "SSToastMessage_Example" */;
			buildPhases = (
				F7F9F70D46DEA2CB8585895C /* [CP] Check Pods Manifest.lock */,
				A05A73D225075B6E00E86576 /* Sources */,
				A05A73D325075B6E00E86576 /* Frameworks */,
				A05A73D425075B6E00E86576 /* Resources */,
				DA8A52DE1E067B495EB47BC7 /* [CP] Embed Pods Frameworks */,
			);
			buildRules = (
			);
			dependencies = (
			);
			name = SSToastMessage_Example;
			productName = SSToastMessage;
			productReference = A05A73D625075B6E00E86576 /* SSToastMessage_Example.app */;
			productType = "com.apple.product-type.application";
		};
		A05A73EB25075B6F00E86576 /* SSToastMessage_Tests */ = {
			isa = PBXNativeTarget;
			buildConfigurationList = A05A73F825075B6F00E86576 /* Build configuration list for PBXNativeTarget "SSToastMessage_Tests" */;
			buildPhases = (
				45C3B47346BCF89152EF5F5C /* [CP] Check Pods Manifest.lock */,
				A05A73E825075B6F00E86576 /* Sources */,
				A05A73E925075B6F00E86576 /* Frameworks */,
				A05A73EA25075B6F00E86576 /* Resources */,
			);
			buildRules = (
			);
			dependencies = (
				A05A73EE25075B6F00E86576 /* PBXTargetDependency */,
			);
			name = SSToastMessage_Tests;
			productName = SSToastMessageTests;
			productReference = A05A73EC25075B6F00E86576 /* SSToastMessage_Tests.xctest */;
			productType = "com.apple.product-type.bundle.unit-test";
		};
/* End PBXNativeTarget section */

/* Begin PBXProject section */
		A05A73CE25075B6E00E86576 /* Project object */ = {
			isa = PBXProject;
			attributes = {
				LastSwiftUpdateCheck = 1160;
				LastUpgradeCheck = 1160;
				ORGANIZATIONNAME = "Simform Solution Pvt. Ltd.";
				TargetAttributes = {
					A05A73D525075B6E00E86576 = {
						CreatedOnToolsVersion = 11.6;
					};
					A05A73EB25075B6F00E86576 = {
						CreatedOnToolsVersion = 11.6;
						TestTargetID = A05A73D525075B6E00E86576;
					};
				};
			};
			buildConfigurationList = A05A73D125075B6E00E86576 /* Build configuration list for PBXProject "SSToastMessage" */;
			compatibilityVersion = "Xcode 9.3";
			developmentRegion = en;
			hasScannedForEncodings = 0;
			knownRegions = (
				en,
				Base,
			);
			mainGroup = A05A73CD25075B6E00E86576;
			productRefGroup = A05A73D725075B6E00E86576 /* Products */;
			projectDirPath = "";
			projectRoot = "";
			targets = (
				A05A73D525075B6E00E86576 /* SSToastMessage_Example */,
				A05A73EB25075B6F00E86576 /* SSToastMessage_Tests */,
			);
		};
/* End PBXProject section */

/* Begin PBXResourcesBuildPhase section */
		A05A73D425075B6E00E86576 /* Resources */ = {
			isa = PBXResourcesBuildPhase;
			buildActionMask = 2147483647;
			files = (
				A05A73E625075B6F00E86576 /* LaunchScreen.storyboard in Resources */,
				A05A73E325075B6F00E86576 /* Preview Assets.xcassets in Resources */,
				A05A73E025075B6F00E86576 /* Assets.xcassets in Resources */,
			);
			runOnlyForDeploymentPostprocessing = 0;
		};
		A05A73EA25075B6F00E86576 /* Resources */ = {
			isa = PBXResourcesBuildPhase;
			buildActionMask = 2147483647;
			files = (
			);
			runOnlyForDeploymentPostprocessing = 0;
		};
/* End PBXResourcesBuildPhase section */

/* Begin PBXShellScriptBuildPhase section */
		45C3B47346BCF89152EF5F5C /* [CP] Check Pods Manifest.lock */ = {
			isa = PBXShellScriptBuildPhase;
			buildActionMask = 2147483647;
			files = (
			);
			inputFileListPaths = (
			);
			inputPaths = (
				"${PODS_PODFILE_DIR_PATH}/Podfile.lock",
				"${PODS_ROOT}/Manifest.lock",
			);
			name = "[CP] Check Pods Manifest.lock";
			outputFileListPaths = (
			);
			outputPaths = (
				"$(DERIVED_FILE_DIR)/Pods-SSToastMessage_Tests-checkManifestLockResult.txt",
			);
			runOnlyForDeploymentPostprocessing = 0;
			shellPath = /bin/sh;
			shellScript = "diff \"${PODS_PODFILE_DIR_PATH}/Podfile.lock\" \"${PODS_ROOT}/Manifest.lock\" > /dev/null\nif [ $? != 0 ] ; then\n    # print error to STDERR\n    echo \"error: The sandbox is not in sync with the Podfile.lock. Run 'pod install' or update your CocoaPods installation.\" >&2\n    exit 1\nfi\n# This output is used by Xcode 'outputs' to avoid re-running this script phase.\necho \"SUCCESS\" > \"${SCRIPT_OUTPUT_FILE_0}\"\n";
			showEnvVarsInLog = 0;
		};
		DA8A52DE1E067B495EB47BC7 /* [CP] Embed Pods Frameworks */ = {
			isa = PBXShellScriptBuildPhase;
			buildActionMask = 2147483647;
			files = (
			);
			inputFileListPaths = (
				"${PODS_ROOT}/Target Support Files/Pods-SSToastMessage_Example/Pods-SSToastMessage_Example-frameworks-${CONFIGURATION}-input-files.xcfilelist",
			);
			name = "[CP] Embed Pods Frameworks";
			outputFileListPaths = (
				"${PODS_ROOT}/Target Support Files/Pods-SSToastMessage_Example/Pods-SSToastMessage_Example-frameworks-${CONFIGURATION}-output-files.xcfilelist",
			);
			runOnlyForDeploymentPostprocessing = 0;
			shellPath = /bin/sh;
			shellScript = "\"${PODS_ROOT}/Target Support Files/Pods-SSToastMessage_Example/Pods-SSToastMessage_Example-frameworks.sh\"\n";
			showEnvVarsInLog = 0;
		};
		F7F9F70D46DEA2CB8585895C /* [CP] Check Pods Manifest.lock */ = {
			isa = PBXShellScriptBuildPhase;
			buildActionMask = 2147483647;
			files = (
			);
			inputFileListPaths = (
			);
			inputPaths = (
				"${PODS_PODFILE_DIR_PATH}/Podfile.lock",
				"${PODS_ROOT}/Manifest.lock",
			);
			name = "[CP] Check Pods Manifest.lock";
			outputFileListPaths = (
			);
			outputPaths = (
				"$(DERIVED_FILE_DIR)/Pods-SSToastMessage_Example-checkManifestLockResult.txt",
			);
			runOnlyForDeploymentPostprocessing = 0;
			shellPath = /bin/sh;
			shellScript = "diff \"${PODS_PODFILE_DIR_PATH}/Podfile.lock\" \"${PODS_ROOT}/Manifest.lock\" > /dev/null\nif [ $? != 0 ] ; then\n    # print error to STDERR\n    echo \"error: The sandbox is not in sync with the Podfile.lock. Run 'pod install' or update your CocoaPods installation.\" >&2\n    exit 1\nfi\n# This output is used by Xcode 'outputs' to avoid re-running this script phase.\necho \"SUCCESS\" > \"${SCRIPT_OUTPUT_FILE_0}\"\n";
			showEnvVarsInLog = 0;
		};
/* End PBXShellScriptBuildPhase section */

/* Begin PBXSourcesBuildPhase section */
		A05A73D225075B6E00E86576 /* Sources */ = {
			isa = PBXSourcesBuildPhase;
			buildActionMask = 2147483647;
			files = (
				A05A73DA25075B6E00E86576 /* AppDelegate.swift in Sources */,
				A05A73DC25075B6E00E86576 /* SceneDelegate.swift in Sources */,
				A05A73DE25075B6E00E86576 /* ContentView.swift in Sources */,
			);
			runOnlyForDeploymentPostprocessing = 0;
		};
		A05A73E825075B6F00E86576 /* Sources */ = {
			isa = PBXSourcesBuildPhase;
			buildActionMask = 2147483647;
			files = (
				A05A73F125075B6F00E86576 /* SSToastMessageTests.swift in Sources */,
			);
			runOnlyForDeploymentPostprocessing = 0;
		};
/* End PBXSourcesBuildPhase section */

/* Begin PBXTargetDependency section */
		A05A73EE25075B6F00E86576 /* PBXTargetDependency */ = {
			isa = PBXTargetDependency;
			target = A05A73D525075B6E00E86576 /* SSToastMessage_Example */;
			targetProxy = A05A73ED25075B6F00E86576 /* PBXContainerItemProxy */;
		};
/* End PBXTargetDependency section */

/* Begin PBXVariantGroup section */
		A05A73E425075B6F00E86576 /* LaunchScreen.storyboard */ = {
			isa = PBXVariantGroup;
			children = (
				A05A73E525075B6F00E86576 /* Base */,
			);
			name = LaunchScreen.storyboard;
			sourceTree = "<group>";
		};
/* End PBXVariantGroup section */

/* Begin XCBuildConfiguration section */
		A05A73F325075B6F00E86576 /* Debug */ = {
			isa = XCBuildConfiguration;
			buildSettings = {
				ALWAYS_SEARCH_USER_PATHS = NO;
				CLANG_ANALYZER_NONNULL = YES;
				CLANG_ANALYZER_NUMBER_OBJECT_CONVERSION = YES_AGGRESSIVE;
				CLANG_CXX_LANGUAGE_STANDARD = "gnu++14";
				CLANG_CXX_LIBRARY = "libc++";
				CLANG_ENABLE_MODULES = YES;
				CLANG_ENABLE_OBJC_ARC = YES;
				CLANG_ENABLE_OBJC_WEAK = YES;
				CLANG_WARN_BLOCK_CAPTURE_AUTORELEASING = YES;
				CLANG_WARN_BOOL_CONVERSION = YES;
				CLANG_WARN_COMMA = YES;
				CLANG_WARN_CONSTANT_CONVERSION = YES;
				CLANG_WARN_DEPRECATED_OBJC_IMPLEMENTATIONS = YES;
				CLANG_WARN_DIRECT_OBJC_ISA_USAGE = YES_ERROR;
				CLANG_WARN_DOCUMENTATION_COMMENTS = YES;
				CLANG_WARN_EMPTY_BODY = YES;
				CLANG_WARN_ENUM_CONVERSION = YES;
				CLANG_WARN_INFINITE_RECURSION = YES;
				CLANG_WARN_INT_CONVERSION = YES;
				CLANG_WARN_NON_LITERAL_NULL_CONVERSION = YES;
				CLANG_WARN_OBJC_IMPLICIT_RETAIN_SELF = YES;
				CLANG_WARN_OBJC_LITERAL_CONVERSION = YES;
				CLANG_WARN_OBJC_ROOT_CLASS = YES_ERROR;
				CLANG_WARN_RANGE_LOOP_ANALYSIS = YES;
				CLANG_WARN_STRICT_PROTOTYPES = YES;
				CLANG_WARN_SUSPICIOUS_MOVE = YES;
				CLANG_WARN_UNGUARDED_AVAILABILITY = YES_AGGRESSIVE;
				CLANG_WARN_UNREACHABLE_CODE = YES;
				CLANG_WARN__DUPLICATE_METHOD_MATCH = YES;
				COPY_PHASE_STRIP = NO;
				DEBUG_INFORMATION_FORMAT = dwarf;
				ENABLE_STRICT_OBJC_MSGSEND = YES;
				ENABLE_TESTABILITY = YES;
				GCC_C_LANGUAGE_STANDARD = gnu11;
				GCC_DYNAMIC_NO_PIC = NO;
				GCC_NO_COMMON_BLOCKS = YES;
				GCC_OPTIMIZATION_LEVEL = 0;
				GCC_PREPROCESSOR_DEFINITIONS = (
					"DEBUG=1",
					"$(inherited)",
				);
				GCC_WARN_64_TO_32_BIT_CONVERSION = YES;
				GCC_WARN_ABOUT_RETURN_TYPE = YES_ERROR;
				GCC_WARN_UNDECLARED_SELECTOR = YES;
				GCC_WARN_UNINITIALIZED_AUTOS = YES_AGGRESSIVE;
				GCC_WARN_UNUSED_FUNCTION = YES;
				GCC_WARN_UNUSED_VARIABLE = YES;
				IPHONEOS_DEPLOYMENT_TARGET = 13.0;
				MTL_ENABLE_DEBUG_INFO = INCLUDE_SOURCE;
				MTL_FAST_MATH = YES;
				ONLY_ACTIVE_ARCH = YES;
				SDKROOT = iphoneos;
				SWIFT_ACTIVE_COMPILATION_CONDITIONS = DEBUG;
				SWIFT_OPTIMIZATION_LEVEL = "-Onone";
			};
			name = Debug;
		};
		A05A73F425075B6F00E86576 /* Release */ = {
			isa = XCBuildConfiguration;
			buildSettings = {
				ALWAYS_SEARCH_USER_PATHS = NO;
				CLANG_ANALYZER_NONNULL = YES;
				CLANG_ANALYZER_NUMBER_OBJECT_CONVERSION = YES_AGGRESSIVE;
				CLANG_CXX_LANGUAGE_STANDARD = "gnu++14";
				CLANG_CXX_LIBRARY = "libc++";
				CLANG_ENABLE_MODULES = YES;
				CLANG_ENABLE_OBJC_ARC = YES;
				CLANG_ENABLE_OBJC_WEAK = YES;
				CLANG_WARN_BLOCK_CAPTURE_AUTORELEASING = YES;
				CLANG_WARN_BOOL_CONVERSION = YES;
				CLANG_WARN_COMMA = YES;
				CLANG_WARN_CONSTANT_CONVERSION = YES;
				CLANG_WARN_DEPRECATED_OBJC_IMPLEMENTATIONS = YES;
				CLANG_WARN_DIRECT_OBJC_ISA_USAGE = YES_ERROR;
				CLANG_WARN_DOCUMENTATION_COMMENTS = YES;
				CLANG_WARN_EMPTY_BODY = YES;
				CLANG_WARN_ENUM_CONVERSION = YES;
				CLANG_WARN_INFINITE_RECURSION = YES;
				CLANG_WARN_INT_CONVERSION = YES;
				CLANG_WARN_NON_LITERAL_NULL_CONVERSION = YES;
				CLANG_WARN_OBJC_IMPLICIT_RETAIN_SELF = YES;
				CLANG_WARN_OBJC_LITERAL_CONVERSION = YES;
				CLANG_WARN_OBJC_ROOT_CLASS = YES_ERROR;
				CLANG_WARN_RANGE_LOOP_ANALYSIS = YES;
				CLANG_WARN_STRICT_PROTOTYPES = YES;
				CLANG_WARN_SUSPICIOUS_MOVE = YES;
				CLANG_WARN_UNGUARDED_AVAILABILITY = YES_AGGRESSIVE;
				CLANG_WARN_UNREACHABLE_CODE = YES;
				CLANG_WARN__DUPLICATE_METHOD_MATCH = YES;
				COPY_PHASE_STRIP = NO;
				DEBUG_INFORMATION_FORMAT = "dwarf-with-dsym";
				ENABLE_NS_ASSERTIONS = NO;
				ENABLE_STRICT_OBJC_MSGSEND = YES;
				GCC_C_LANGUAGE_STANDARD = gnu11;
				GCC_NO_COMMON_BLOCKS = YES;
				GCC_WARN_64_TO_32_BIT_CONVERSION = YES;
				GCC_WARN_ABOUT_RETURN_TYPE = YES_ERROR;
				GCC_WARN_UNDECLARED_SELECTOR = YES;
				GCC_WARN_UNINITIALIZED_AUTOS = YES_AGGRESSIVE;
				GCC_WARN_UNUSED_FUNCTION = YES;
				GCC_WARN_UNUSED_VARIABLE = YES;
				IPHONEOS_DEPLOYMENT_TARGET = 13.0;
				MTL_ENABLE_DEBUG_INFO = NO;
				MTL_FAST_MATH = YES;
				SDKROOT = iphoneos;
				SWIFT_COMPILATION_MODE = wholemodule;
				SWIFT_OPTIMIZATION_LEVEL = "-O";
				VALIDATE_PRODUCT = YES;
			};
			name = Release;
		};
		A05A73F625075B6F00E86576 /* Debug */ = {
			isa = XCBuildConfiguration;
			baseConfigurationReference = 055FE7D23C0C2ED455D09BD4 /* Pods-SSToastMessage_Example.debug.xcconfig */;
			buildSettings = {
				ASSETCATALOG_COMPILER_APPICON_NAME = AppIcon;
				CODE_SIGN_STYLE = Automatic;
				DEVELOPMENT_ASSET_PATHS = "\"SSToastMessage/Preview Content\"";
				DEVELOPMENT_TEAM = Y98X8JAPH6;
				ENABLE_PREVIEWS = YES;
				INFOPLIST_FILE = SSToastMessage/Info.plist;
				IPHONEOS_DEPLOYMENT_TARGET = 13.0;
				LD_RUNPATH_SEARCH_PATHS = (
					"$(inherited)",
					"@executable_path/Frameworks",
				);
				PRODUCT_BUNDLE_IDENTIFIER = "com.simform.SSToastMessage-Example";
				PRODUCT_NAME = "$(TARGET_NAME)";
				SWIFT_VERSION = 5.0;
				TARGETED_DEVICE_FAMILY = "1,2";
			};
			name = Debug;
		};
		A05A73F725075B6F00E86576 /* Release */ = {
			isa = XCBuildConfiguration;
			baseConfigurationReference = 77D03C12ECF8A03B74B576BA /* Pods-SSToastMessage_Example.release.xcconfig */;
			buildSettings = {
				ASSETCATALOG_COMPILER_APPICON_NAME = AppIcon;
				CODE_SIGN_STYLE = Automatic;
				DEVELOPMENT_ASSET_PATHS = "\"SSToastMessage/Preview Content\"";
				DEVELOPMENT_TEAM = Y98X8JAPH6;
				ENABLE_PREVIEWS = YES;
				INFOPLIST_FILE = SSToastMessage/Info.plist;
				IPHONEOS_DEPLOYMENT_TARGET = 13.0;
				LD_RUNPATH_SEARCH_PATHS = (
					"$(inherited)",
					"@executable_path/Frameworks",
				);
				PRODUCT_BUNDLE_IDENTIFIER = "com.simform.SSToastMessage-Example";
				PRODUCT_NAME = "$(TARGET_NAME)";
				SWIFT_VERSION = 5.0;
				TARGETED_DEVICE_FAMILY = "1,2";
			};
			name = Release;
		};
		A05A73F925075B6F00E86576 /* Debug */ = {
			isa = XCBuildConfiguration;
			baseConfigurationReference = F26FD9698CE3B4240B061EC1 /* Pods-SSToastMessage_Tests.debug.xcconfig */;
			buildSettings = {
				ALWAYS_EMBED_SWIFT_STANDARD_LIBRARIES = YES;
				BUNDLE_LOADER = "$(TEST_HOST)";
				CODE_SIGN_STYLE = Automatic;
				DEVELOPMENT_TEAM = Y98X8JAPH6;
				INFOPLIST_FILE = SSToastMessageTests/Info.plist;
				IPHONEOS_DEPLOYMENT_TARGET = 13.0;
				LD_RUNPATH_SEARCH_PATHS = (
					"$(inherited)",
					"@executable_path/Frameworks",
					"@loader_path/Frameworks",
				);
				PRODUCT_BUNDLE_IDENTIFIER = com.simform.SSToastMessageTests;
				PRODUCT_NAME = "$(TARGET_NAME)";
				SWIFT_VERSION = 5.0;
				TARGETED_DEVICE_FAMILY = "1,2";
				TEST_HOST = "$(BUILT_PRODUCTS_DIR)/SSToastMessage_Example.app/SSToastMessage_Example";
			};
			name = Debug;
		};
		A05A73FA25075B6F00E86576 /* Release */ = {
			isa = XCBuildConfiguration;
			baseConfigurationReference = E9DFC8524F58C2B42FE99917 /* Pods-SSToastMessage_Tests.release.xcconfig */;
			buildSettings = {
				ALWAYS_EMBED_SWIFT_STANDARD_LIBRARIES = YES;
				BUNDLE_LOADER = "$(TEST_HOST)";
				CODE_SIGN_STYLE = Automatic;
				DEVELOPMENT_TEAM = Y98X8JAPH6;
				INFOPLIST_FILE = SSToastMessageTests/Info.plist;
				IPHONEOS_DEPLOYMENT_TARGET = 13.0;
				LD_RUNPATH_SEARCH_PATHS = (
					"$(inherited)",
					"@executable_path/Frameworks",
					"@loader_path/Frameworks",
				);
				PRODUCT_BUNDLE_IDENTIFIER = com.simform.SSToastMessageTests;
				PRODUCT_NAME = "$(TARGET_NAME)";
				SWIFT_VERSION = 5.0;
				TARGETED_DEVICE_FAMILY = "1,2";
				TEST_HOST = "$(BUILT_PRODUCTS_DIR)/SSToastMessage_Example.app/SSToastMessage_Example";
			};
			name = Release;
		};
/* End XCBuildConfiguration section */

/* Begin XCConfigurationList section */
		A05A73D125075B6E00E86576 /* Build configuration list for PBXProject "SSToastMessage" */ = {
			isa = XCConfigurationList;
			buildConfigurations = (
				A05A73F325075B6F00E86576 /* Debug */,
				A05A73F425075B6F00E86576 /* Release */,
			);
			defaultConfigurationIsVisible = 0;
			defaultConfigurationName = Release;
		};
		A05A73F525075B6F00E86576 /* Build configuration list for PBXNativeTarget "SSToastMessage_Example" */ = {
			isa = XCConfigurationList;
			buildConfigurations = (
				A05A73F625075B6F00E86576 /* Debug */,
				A05A73F725075B6F00E86576 /* Release */,
			);
			defaultConfigurationIsVisible = 0;
			defaultConfigurationName = Release;
		};
		A05A73F825075B6F00E86576 /* Build configuration list for PBXNativeTarget "SSToastMessage_Tests" */ = {
			isa = XCConfigurationList;
			buildConfigurations = (
				A05A73F925075B6F00E86576 /* Debug */,
				A05A73FA25075B6F00E86576 /* Release */,
			);
			defaultConfigurationIsVisible = 0;
			defaultConfigurationName = Release;
		};
/* End XCConfigurationList section */
	};
	rootObject = A05A73CE25075B6E00E86576 /* Project object */;
}
